
Microsoft Visual Studio Solution File, Format Version 12.00
# Visual Studio 15
VisualStudioVersion = 15.0.27130.2027
MinimumVisualStudioVersion = 10.0.40219.1
Project("{8BC9CEB8-8B4A-11D0-8D11-00A0C91BC942}") = "oving8", "oving8\oving8.vcxproj", "{257E3B90-D92F-4A00-97C7-E0929A5C74A9}"
EndProject
Global
	GlobalSection(SolutionConfigurationPlatforms) = preSolution
		Debug|x64 = Debug|x64
		Debug|x86 = Debug|x86
		Release|x64 = Release|x64
		Release|x86 = Release|x86
	EndGlobalSection
	GlobalSection(ProjectConfigurationPlatforms) = postSolution
		{257E3B90-D92F-4A00-97C7-E0929A5C74A9}.Debug|x64.ActiveCfg = Debug|x64
		{257E3B90-D92F-4A00-97C7-E0929A5C74A9}.Debug|x64.Build.0 = Debug|x64
		{257E3B90-D92F-4A00-97C7-E0929A5C74A9}.Debug|x86.ActiveCfg = Debug|Win32
		{257E3B90-D92F-4A00-97C7-E0929A5C74A9}.Debug|x86.Build.0 = Debug|Win32
		{257E3B90-D92F-4A00-97C7-E0929A5C74A9}.Release|x64.ActiveCfg = Release|x64
		{257E3B90-D92F-4A00-97C7-E0929A5C74A9}.Release|x64.Build.0 = Release|x64
		{257E3B90-D92F-4A00-97C7-E0929A5C74A9}.Release|x86.ActiveCfg = Release|Win32
		{257E3B90-D92F-4A00-97C7-E0929A5C74A9}.Release|x86.Build.0 = Release|Win32
	EndGlobalSection
	GlobalSection(SolutionProperties) = preSolution
		HideSolutionNode = FALSE
	EndGlobalSection
	GlobalSection(ExtensibilityGlobals) = postSolution
		SolutionGuid = {B1F62B62-DC0C-4901-B201-831687772E8C}
	EndGlobalSection
EndGlobal
